// !$*UTF8*$!
{
	archiveVersion = 1;
	classes = {
	};
	objectVersion = 46;
	objects = {

/* Begin PBXBuildFile section */
		C86A716C1666F8C90085ED4A /* Foundation.framework in Frameworks */ = {isa = PBXBuildFile; fileRef = C86A716B1666F8C90085ED4A /* Foundation.framework */; };
		C86A716F1666F8C90085ED4A /* main.m in Sources */ = {isa = PBXBuildFile; fileRef = C86A716E1666F8C90085ED4A /* main.m */; };
		C86A71731666F8C90085ED4A /* observer.1 in CopyFiles */ = {isa = PBXBuildFile; fileRef = C86A71721666F8C90085ED4A /* observer.1 */; };
/* End PBXBuildFile section */

/* Begin PBXCopyFilesBuildPhase section */
		C86A71651666F8C90085ED4A /* CopyFiles */ = {
			isa = PBXCopyFilesBuildPhase;
			buildActionMask = 2147483647;
			dstPath = /usr/share/man/man1/;
			dstSubfolderSpec = 0;
			files = (
				C86A71731666F8C90085ED4A /* observer.1 in CopyFiles */,
			);
			runOnlyForDeploymentPostprocessing = 1;
		};
/* End PBXCopyFilesBuildPhase section */

/* Begin PBXFileReference section */
		C86A71671666F8C90085ED4A /* observer */ = {isa = PBXFileReference; explicitFileType = "compiled.mach-o.executable"; includeInIndex = 0; path = observer; sourceTree = BUILT_PRODUCTS_DIR; };
		C86A716B1666F8C90085ED4A /* Foundation.framework */ = {isa = PBXFileReference; lastKnownFileType = wrapper.framework; name = Foundation.framework; path = System/Library/Frameworks/Foundation.framework; sourceTree = SDKROOT; };
		C86A716E1666F8C90085ED4A /* main.m */ = {isa = PBXFileReference; lastKnownFileType = sourcecode.c.objc; path = main.m; sourceTree = "<group>"; };
		C86A71711666F8C90085ED4A /* observer-Prefix.pch */ = {isa = PBXFileReference; lastKnownFileType = sourcecode.c.h; path = "observer-Prefix.pch"; sourceTree = "<group>"; };
		C86A71721666F8C90085ED4A /* observer.1 */ = {isa = PBXFileReference; lastKnownFileType = text.man; path = observer.1; sourceTree = "<group>"; };
/* End PBXFileReference section */

/* Begin PBXFrameworksBuildPhase section */
		C86A71641666F8C90085ED4A /* Frameworks */ = {
			isa = PBXFrameworksBuildPhase;
			buildActionMask = 2147483647;
			files = (
				C86A716C1666F8C90085ED4A /* Foundation.framework in Frameworks */,
			);
			runOnlyForDeploymentPostprocessing = 0;
		};
/* End PBXFrameworksBuildPhase section */

/* Begin PBXGroup section */
		C86A715C1666F8C90085ED4A = {
			isa = PBXGroup;
			children = (
				C86A716D1666F8C90085ED4A /* observer */,
				C86A716A1666F8C90085ED4A /* Frameworks */,
				C86A71681666F8C90085ED4A /* Products */,
			);
			sourceTree = "<group>";
		};
		C86A71681666F8C90085ED4A /* Products */ = {
			isa = PBXGroup;
			children = (
				C86A71671666F8C90085ED4A /* observer */,
			);
			name = Products;
			sourceTree = "<group>";
		};
		C86A716A1666F8C90085ED4A /* Frameworks */ = {
			isa = PBXGroup;
			children = (
				C86A716B1666F8C90085ED4A /* Foundation.framework */,
			);
			name = Frameworks;
			sourceTree = "<group>";
		};
		C86A716D1666F8C90085ED4A /* observer */ = {
			isa = PBXGroup;
			children = (
				C86A716E1666F8C90085ED4A /* main.m */,
				C86A71721666F8C90085ED4A /* observer.1 */,
				C86A71701666F8C90085ED4A /* Supporting Files */,
			);
			path = observer;
			sourceTree = "<group>";
		};
		C86A71701666F8C90085ED4A /* Supporting Files */ = {
			isa = PBXGroup;
			children = (
				C86A71711666F8C90085ED4A /* observer-Prefix.pch */,
			);
			name = "Supporting Files";
			sourceTree = "<group>";
		};
/* End PBXGroup section */

/* Begin PBXNativeTarget section */
		C86A71661666F8C90085ED4A /* observer */ = {
			isa = PBXNativeTarget;
			buildConfigurationList = C86A71761666F8C90085ED4A /* Build configuration list for PBXNativeTarget "observer" */;
			buildPhases = (
				C86A71631666F8C90085ED4A /* Sources */,
				C86A71641666F8C90085ED4A /* Frameworks */,
				C86A71651666F8C90085ED4A /* CopyFiles */,
			);
			buildRules = (
			);
			dependencies = (
			);
			name = observer;
			productName = observer;
			productReference = C86A71671666F8C90085ED4A /* observer */;
			productType = "com.apple.product-type.tool";
		};
/* End PBXNativeTarget section */

/* Begin PBXProject section */
		C86A715E1666F8C90085ED4A /* Project object */ = {
			isa = PBXProject;
			attributes = {
				LastUpgradeCheck = 0450;
				ORGANIZATIONNAME = gaoweiwei;
			};
			buildConfigurationList = C86A71611666F8C90085ED4A /* Build configuration list for PBXProject "observer" */;
			compatibilityVersion = "Xcode 3.2";
			developmentRegion = English;
			hasScannedForEncodings = 0;
			knownRegions = (
				en,
			);
			mainGroup = C86A715C1666F8C90085ED4A;
			productRefGroup = C86A71681666F8C90085ED4A /* Products */;
			projectDirPath = "";
			projectRoot = "";
			targets = (
				C86A71661666F8C90085ED4A /* observer */,
			);
		};
/* End PBXProject section */

/* Begin PBXSourcesBuildPhase section */
		C86A71631666F8C90085ED4A /* Sources */ = {
			isa = PBXSourcesBuildPhase;
			buildActionMask = 2147483647;
			files = (
				C86A716F1666F8C90085ED4A /* main.m in Sources */,
			);
			runOnlyForDeploymentPostprocessing = 0;
		};
/* End PBXSourcesBuildPhase section */

/* Begin XCBuildConfiguration section */
		C86A71741666F8C90085ED4A /* Debug */ = {
			isa = XCBuildConfiguration;
			buildSettings = {
				ALWAYS_SEARCH_USER_PATHS = NO;
				ARCHS = "$(ARCHS_STANDARD_64_BIT)";
				CLANG_CXX_LANGUAGE_STANDARD = "gnu++0x";
				CLANG_CXX_LIBRARY = "libc++";
				CLANG_WARN_EMPTY_BODY = YES;
				CLANG_WARN__DUPLICATE_METHOD_MATCH = YES;
				COPY_PHASE_STRIP = NO;
				GCC_C_LANGUAGE_STANDARD = gnu99;
				GCC_DYNAMIC_NO_PIC = NO;
				GCC_ENABLE_OBJC_EXCEPTIONS = YES;
				GCC_OPTIMIZATION_LEVEL = 0;
				GCC_PREPROCESSOR_DEFINITIONS = (
					"DEBUG=1",
					"$(inherited)",
				);
				GCC_SYMBOLS_PRIVATE_EXTERN = NO;
				GCC_WARN_64_TO_32_BIT_CONVERSION = YES;
				GCC_WARN_ABOUT_RETURN_TYPE = YES;
				GCC_WARN_UNINITIALIZED_AUTOS = YES;
				GCC_WARN_UNUSED_VARIABLE = YES;
				MACOSX_DEPLOYMENT_TARGET = 10.8;
				ONLY_ACTIVE_ARCH = YES;
				SDKROOT = macosx;
			};
			name = Debug;
		};
		C86A71751666F8C90085ED4A /* Release */ = {
			isa = XCBuildConfiguration;
			buildSettings = {
				ALWAYS_SEARCH_USER_PATHS = NO;
				ARCHS = "$(ARCHS_STANDARD_64_BIT)";
				CLANG_CXX_LANGUAGE_STANDARD = "gnu++0x";
				CLANG_CXX_LIBRARY = "libc++";
				CLANG_WARN_EMPTY_BODY = YES;
				CLANG_WARN__DUPLICATE_METHOD_MATCH = YES;
				COPY_PHASE_STRIP = YES;
				DEBUG_INFORMATION_FORMAT = "dwarf-with-dsym";
				GCC_C_LANGUAGE_STANDARD = gnu99;
				GCC_ENABLE_OBJC_EXCEPTIONS = YES;
				GCC_WARN_64_TO_32_BIT_CONVERSION = YES;
				GCC_WARN_ABOUT_RETURN_TYPE = YES;
				GCC_WARN_UNINITIALIZED_AUTOS = YES;
				GCC_WARN_UNUSED_VARIABLE = YES;
				MACOSX_DEPLOYMENT_TARGET = 10.8;
				SDKROOT = macosx;
			};
			name = Release;
		};
		C86A71771666F8C90085ED4A /* Debug */ = {
			isa = XCBuildConfiguration;
			buildSettings = {
				GCC_PRECOMPILE_PREFIX_HEADER = YES;
				GCC_PREFIX_HEADER = "observer/observer-Prefix.pch";
				PRODUCT_NAME = "$(TARGET_NAME)";
			};
			name = Debug;
		};
		C86A71781666F8C90085ED4A /* Release */ = {
			isa = XCBuildConfiguration;
			buildSettings = {
				GCC_PRECOMPILE_PREFIX_HEADER = YES;
				GCC_PREFIX_HEADER = "observer/observer-Prefix.pch";
				PRODUCT_NAME = "$(TARGET_NAME)";
			};
			name = Release;
		};
/* End XCBuildConfiguration section */

/* Begin XCConfigurationList section */
		C86A71611666F8C90085ED4A /* Build configuration list for PBXProject "observer" */ = {
			isa = XCConfigurationList;
			buildConfigurations = (
				C86A71741666F8C90085ED4A /* Debug */,
				C86A71751666F8C90085ED4A /* Release */,
			);
			defaultConfigurationIsVisible = 0;
			defaultConfigurationName = Release;
		};
		C86A71761666F8C90085ED4A /* Build configuration list for PBXNativeTarget "observer" */ = {
			isa = XCConfigurationList;
			buildConfigurations = (
				C86A71771666F8C90085ED4A /* Debug */,
				C86A71781666F8C90085ED4A /* Release */,
			);
			defaultConfigurationIsVisible = 0;
		};
/* End XCConfigurationList section */
	};
	rootObject = C86A715E1666F8C90085ED4A /* Project object */;
}
